
Microsoft Visual Studio Solution File, Format Version 12.00
# Visual Studio 15
VisualStudioVersion = 15.0.28307.1433
MinimumVisualStudioVersion = 10.0.40219.1
Project("{FAE04EC0-301F-11D3-BF4B-00C04F79EFBC}") = "VHaaSh.BusinessLogicLayer", "VHaaSh.BusinessLogicLayer\VHaaSh.BusinessLogicLayer.csproj", "{DCC19AF2-3B29-499D-A084-D03C1DBDEBBF}"
EndProject
Project("{FAE04EC0-301F-11D3-BF4B-00C04F79EFBC}") = "VHaaSh.DataAccessLayer", "VHaaSh.DataAccessLayer\VHaaSh.DataAccessLayer.csproj", "{14A85762-11A9-4244-9F2A-B27022813F82}"
EndProject
Project("{FAE04EC0-301F-11D3-BF4B-00C04F79EFBC}") = "VHaaSh.Models", "VHaaSh.Models\VHaaSh.Models.csproj", "{CEF9BC73-2ADC-4FD9-A73C-118DF451FB47}"
EndProject
Project("{FAE04EC0-301F-11D3-BF4B-00C04F79EFBC}") = "VHaaSh.Notifications", "VHaaSh.Notifications\VHaaSh.Notifications.csproj", "{BB200E1C-8C83-438C-B9A7-5A3D246CE793}"
EndProject
Project("{FAE04EC0-301F-11D3-BF4B-00C04F79EFBC}") = "VHaaSh.Utilities", "VHaaSh.Utilities\VHaaSh.Utilities.csproj", "{17394ADF-4837-4092-868D-292C56A10680}"
EndProject
Global
	GlobalSection(SolutionConfigurationPlatforms) = preSolution
		Debug|Any CPU = Debug|Any CPU
		Release|Any CPU = Release|Any CPU
	EndGlobalSection
	GlobalSection(ProjectConfigurationPlatforms) = postSolution
		{DCC19AF2-3B29-499D-A084-D03C1DBDEBBF}.Debug|Any CPU.ActiveCfg = Debug|Any CPU
		{DCC19AF2-3B29-499D-A084-D03C1DBDEBBF}.Debug|Any CPU.Build.0 = Debug|Any CPU
		{DCC19AF2-3B29-499D-A084-D03C1DBDEBBF}.Release|Any CPU.ActiveCfg = Release|Any CPU
		{DCC19AF2-3B29-499D-A084-D03C1DBDEBBF}.Release|Any CPU.Build.0 = Release|Any CPU
		{14A85762-11A9-4244-9F2A-B27022813F82}.Debug|Any CPU.ActiveCfg = Debug|Any CPU
		{14A85762-11A9-4244-9F2A-B27022813F82}.Debug|Any CPU.Build.0 = Debug|Any CPU
		{14A85762-11A9-4244-9F2A-B27022813F82}.Release|Any CPU.ActiveCfg = Release|Any CPU
		{14A85762-11A9-4244-9F2A-B27022813F82}.Release|Any CPU.Build.0 = Release|Any CPU
		{CEF9BC73-2ADC-4FD9-A73C-118DF451FB47}.Debug|Any CPU.ActiveCfg = Debug|Any CPU
		{CEF9BC73-2ADC-4FD9-A73C-118DF451FB47}.Debug|Any CPU.Build.0 = Debug|Any CPU
		{CEF9BC73-2ADC-4FD9-A73C-118DF451FB47}.Release|Any CPU.ActiveCfg = Release|Any CPU
		{CEF9BC73-2ADC-4FD9-A73C-118DF451FB47}.Release|Any CPU.Build.0 = Release|Any CPU
		{BB200E1C-8C83-438C-B9A7-5A3D246CE793}.Debug|Any CPU.ActiveCfg = Debug|Any CPU
		{BB200E1C-8C83-438C-B9A7-5A3D246CE793}.Debug|Any CPU.Build.0 = Debug|Any CPU
		{BB200E1C-8C83-438C-B9A7-5A3D246CE793}.Release|Any CPU.ActiveCfg = Release|Any CPU
		{BB200E1C-8C83-438C-B9A7-5A3D246CE793}.Release|Any CPU.Build.0 = Release|Any CPU
		{17394ADF-4837-4092-868D-292C56A10680}.Debug|Any CPU.ActiveCfg = Debug|Any CPU
		{17394ADF-4837-4092-868D-292C56A10680}.Debug|Any CPU.Build.0 = Debug|Any CPU
		{17394ADF-4837-4092-868D-292C56A10680}.Release|Any CPU.ActiveCfg = Release|Any CPU
		{17394ADF-4837-4092-868D-292C56A10680}.Release|Any CPU.Build.0 = Release|Any CPU
	EndGlobalSection
	GlobalSection(SolutionProperties) = preSolution
		HideSolutionNode = FALSE
	EndGlobalSection
	GlobalSection(ExtensibilityGlobals) = postSolution
		SolutionGuid = {BD1BA472-A7DC-4A36-95CF-BCFC90A4AC04}
	EndGlobalSection
EndGlobal
